
Microsoft Visual Studio Solution File, Format Version 12.00
# Visual Studio Version 17
VisualStudioVersion = 17.5.33530.505
MinimumVisualStudioVersion = 10.0.40219.1
Project("{9A19103F-16F7-4668-BE54-9A1E7A4F7556}") = "ThreadSynchronization", "ThreadSynchronization.csproj", "{5CA785B5-32CB-40E0-8F8E-2C7F245926CB}"
EndProject
Global
	GlobalSection(SolutionConfigurationPlatforms) = preSolution
		Debug|Any CPU = Debug|Any CPU
		Release|Any CPU = Release|Any CPU
	EndGlobalSection
	GlobalSection(ProjectConfigurationPlatforms) = postSolution
		{5CA785B5-32CB-40E0-8F8E-2C7F245926CB}.Debug|Any CPU.ActiveCfg = Debug|Any CPU
		{5CA785B5-32CB-40E0-8F8E-2C7F245926CB}.Debug|Any CPU.Build.0 = Debug|Any CPU
		{5CA785B5-32CB-40E0-8F8E-2C7F245926CB}.Release|Any CPU.ActiveCfg = Release|Any CPU
		{5CA785B5-32CB-40E0-8F8E-2C7F245926CB}.Release|Any CPU.Build.0 = Release|Any CPU
	EndGlobalSection
	GlobalSection(SolutionProperties) = preSolution
		HideSolutionNode = FALSE
	EndGlobalSection
	GlobalSection(ExtensibilityGlobals) = postSolution
		SolutionGuid = {118241B2-FEB7-4CBE-9713-B3B0C2FDDD47}
	EndGlobalSection
EndGlobal
